
Microsoft Visual Studio Solution File, Format Version 12.00
Project("{FAE04EC0-301F-11D3-BF4B-00C04F79EFBC}") = "Eggshell", "Eggshell\Eggshell.csproj", "{8CFC4222-4355-4291-89A0-C28D8844CAC7}"
EndProject
Global
	GlobalSection(SolutionConfigurationPlatforms) = preSolution
		Debug|Any CPU = Debug|Any CPU
		Release|Any CPU = Release|Any CPU
	EndGlobalSection
	GlobalSection(ProjectConfigurationPlatforms) = postSolution
		{8CFC4222-4355-4291-89A0-C28D8844CAC7}.Debug|Any CPU.ActiveCfg = Debug|Any CPU
		{8CFC4222-4355-4291-89A0-C28D8844CAC7}.Debug|Any CPU.Build.0 = Debug|Any CPU
		{8CFC4222-4355-4291-89A0-C28D8844CAC7}.Release|Any CPU.ActiveCfg = Release|Any CPU
		{8CFC4222-4355-4291-89A0-C28D8844CAC7}.Release|Any CPU.Build.0 = Release|Any CPU
	EndGlobalSection
EndGlobal
