
Microsoft Visual Studio Solution File, Format Version 12.00
# Visual Studio Version 17
VisualStudioVersion = 17.1.32319.34
MinimumVisualStudioVersion = 10.0.40219.1
Project("{9A19103F-16F7-4668-BE54-9A1E7A4F7556}") = "Eggshell.Generator", "Eggshell.Generator\Eggshell.Generator.csproj", "{88B2ACA0-5F8E-4BF1-A0C0-C4F6115B54E1}"
EndProject
Project("{9A19103F-16F7-4668-BE54-9A1E7A4F7556}") = "Eggshell.Core", "Eggshell.Core\Eggshell.Core.csproj", "{27C96D3C-AFF1-4398-A06F-991AA5698E03}"
EndProject
Project("{9A19103F-16F7-4668-BE54-9A1E7A4F7556}") = "Eggshell.Tests", "Eggshell.Tests\Eggshell.Tests.csproj", "{53F5062C-3D7E-4738-A266-904B9008DD45}"
EndProject
Project("{2150E333-8FDC-42A3-9474-1A3956D46DE8}") = "Testing", "Testing", "{3B7A26CF-43F9-42FC-A86C-F4FE4F4D3273}"
EndProject
Project("{9A19103F-16F7-4668-BE54-9A1E7A4F7556}") = "Eggshell.Resources", "Eggshell.Resources\Eggshell.Resources.csproj", "{6E7A3393-F355-41C1-93B8-5089637C3C97}"
EndProject
Project("{2150E333-8FDC-42A3-9474-1A3956D46DE8}") = "Core", "Core", "{5DDE8E81-17C6-4891-BBE6-DE3B0062AEAD}"
EndProject
Project("{2150E333-8FDC-42A3-9474-1A3956D46DE8}") = "Generators", "Generators", "{A34ABEF0-8916-4EF8-B32A-B479BB8DE6A6}"
EndProject
Global
	GlobalSection(SolutionConfigurationPlatforms) = preSolution
		Debug|Any CPU = Debug|Any CPU
		Debug|Win32 = Debug|Win32
		Debug|x64 = Debug|x64
		Release|Any CPU = Release|Any CPU
		Release|Win32 = Release|Win32
		Release|x64 = Release|x64
	EndGlobalSection
	GlobalSection(ProjectConfigurationPlatforms) = postSolution
		{88B2ACA0-5F8E-4BF1-A0C0-C4F6115B54E1}.Debug|Any CPU.ActiveCfg = Debug|Any CPU
		{88B2ACA0-5F8E-4BF1-A0C0-C4F6115B54E1}.Debug|Any CPU.Build.0 = Debug|Any CPU
		{88B2ACA0-5F8E-4BF1-A0C0-C4F6115B54E1}.Debug|Win32.ActiveCfg = Debug|Any CPU
		{88B2ACA0-5F8E-4BF1-A0C0-C4F6115B54E1}.Debug|Win32.Build.0 = Debug|Any CPU
		{88B2ACA0-5F8E-4BF1-A0C0-C4F6115B54E1}.Debug|x64.ActiveCfg = Debug|Any CPU
		{88B2ACA0-5F8E-4BF1-A0C0-C4F6115B54E1}.Debug|x64.Build.0 = Debug|Any CPU
		{88B2ACA0-5F8E-4BF1-A0C0-C4F6115B54E1}.Release|Any CPU.ActiveCfg = Release|Any CPU
		{88B2ACA0-5F8E-4BF1-A0C0-C4F6115B54E1}.Release|Any CPU.Build.0 = Release|Any CPU
		{88B2ACA0-5F8E-4BF1-A0C0-C4F6115B54E1}.Release|Win32.ActiveCfg = Release|Any CPU
		{88B2ACA0-5F8E-4BF1-A0C0-C4F6115B54E1}.Release|Win32.Build.0 = Release|Any CPU
		{88B2ACA0-5F8E-4BF1-A0C0-C4F6115B54E1}.Release|x64.ActiveCfg = Release|Any CPU
		{88B2ACA0-5F8E-4BF1-A0C0-C4F6115B54E1}.Release|x64.Build.0 = Release|Any CPU
		{27C96D3C-AFF1-4398-A06F-991AA5698E03}.Debug|Any CPU.ActiveCfg = Debug|Any CPU
		{27C96D3C-AFF1-4398-A06F-991AA5698E03}.Debug|Any CPU.Build.0 = Debug|Any CPU
		{27C96D3C-AFF1-4398-A06F-991AA5698E03}.Debug|Win32.ActiveCfg = Debug|Any CPU
		{27C96D3C-AFF1-4398-A06F-991AA5698E03}.Debug|Win32.Build.0 = Debug|Any CPU
		{27C96D3C-AFF1-4398-A06F-991AA5698E03}.Debug|x64.ActiveCfg = Debug|Any CPU
		{27C96D3C-AFF1-4398-A06F-991AA5698E03}.Debug|x64.Build.0 = Debug|Any CPU
		{27C96D3C-AFF1-4398-A06F-991AA5698E03}.Release|Any CPU.ActiveCfg = Release|Any CPU
		{27C96D3C-AFF1-4398-A06F-991AA5698E03}.Release|Any CPU.Build.0 = Release|Any CPU
		{27C96D3C-AFF1-4398-A06F-991AA5698E03}.Release|Win32.ActiveCfg = Release|Any CPU
		{27C96D3C-AFF1-4398-A06F-991AA5698E03}.Release|Win32.Build.0 = Release|Any CPU
		{27C96D3C-AFF1-4398-A06F-991AA5698E03}.Release|x64.ActiveCfg = Release|Any CPU
		{27C96D3C-AFF1-4398-A06F-991AA5698E03}.Release|x64.Build.0 = Release|Any CPU
		{53F5062C-3D7E-4738-A266-904B9008DD45}.Debug|Any CPU.ActiveCfg = Debug|Any CPU
		{53F5062C-3D7E-4738-A266-904B9008DD45}.Debug|Any CPU.Build.0 = Debug|Any CPU
		{53F5062C-3D7E-4738-A266-904B9008DD45}.Debug|Win32.ActiveCfg = Debug|Any CPU
		{53F5062C-3D7E-4738-A266-904B9008DD45}.Debug|Win32.Build.0 = Debug|Any CPU
		{53F5062C-3D7E-4738-A266-904B9008DD45}.Debug|x64.ActiveCfg = Debug|Any CPU
		{53F5062C-3D7E-4738-A266-904B9008DD45}.Debug|x64.Build.0 = Debug|Any CPU
		{53F5062C-3D7E-4738-A266-904B9008DD45}.Release|Any CPU.ActiveCfg = Release|Any CPU
		{53F5062C-3D7E-4738-A266-904B9008DD45}.Release|Any CPU.Build.0 = Release|Any CPU
		{53F5062C-3D7E-4738-A266-904B9008DD45}.Release|Win32.ActiveCfg = Release|Any CPU
		{53F5062C-3D7E-4738-A266-904B9008DD45}.Release|Win32.Build.0 = Release|Any CPU
		{53F5062C-3D7E-4738-A266-904B9008DD45}.Release|x64.ActiveCfg = Release|Any CPU
		{53F5062C-3D7E-4738-A266-904B9008DD45}.Release|x64.Build.0 = Release|Any CPU
		{6E7A3393-F355-41C1-93B8-5089637C3C97}.Debug|Any CPU.ActiveCfg = Debug|Any CPU
		{6E7A3393-F355-41C1-93B8-5089637C3C97}.Debug|Any CPU.Build.0 = Debug|Any CPU
		{6E7A3393-F355-41C1-93B8-5089637C3C97}.Debug|Win32.ActiveCfg = Debug|Any CPU
		{6E7A3393-F355-41C1-93B8-5089637C3C97}.Debug|Win32.Build.0 = Debug|Any CPU
		{6E7A3393-F355-41C1-93B8-5089637C3C97}.Debug|x64.ActiveCfg = Debug|Any CPU
		{6E7A3393-F355-41C1-93B8-5089637C3C97}.Debug|x64.Build.0 = Debug|Any CPU
		{6E7A3393-F355-41C1-93B8-5089637C3C97}.Release|Any CPU.ActiveCfg = Release|Any CPU
		{6E7A3393-F355-41C1-93B8-5089637C3C97}.Release|Any CPU.Build.0 = Release|Any CPU
		{6E7A3393-F355-41C1-93B8-5089637C3C97}.Release|Win32.ActiveCfg = Release|Any CPU
		{6E7A3393-F355-41C1-93B8-5089637C3C97}.Release|Win32.Build.0 = Release|Any CPU
		{6E7A3393-F355-41C1-93B8-5089637C3C97}.Release|x64.ActiveCfg = Release|Any CPU
		{6E7A3393-F355-41C1-93B8-5089637C3C97}.Release|x64.Build.0 = Release|Any CPU
	EndGlobalSection
	GlobalSection(SolutionProperties) = preSolution
		HideSolutionNode = FALSE
	EndGlobalSection
	GlobalSection(NestedProjects) = preSolution
		{88B2ACA0-5F8E-4BF1-A0C0-C4F6115B54E1} = {A34ABEF0-8916-4EF8-B32A-B479BB8DE6A6}
		{27C96D3C-AFF1-4398-A06F-991AA5698E03} = {5DDE8E81-17C6-4891-BBE6-DE3B0062AEAD}
		{53F5062C-3D7E-4738-A266-904B9008DD45} = {3B7A26CF-43F9-42FC-A86C-F4FE4F4D3273}
		{6E7A3393-F355-41C1-93B8-5089637C3C97} = {5DDE8E81-17C6-4891-BBE6-DE3B0062AEAD}
	EndGlobalSection
	GlobalSection(ExtensibilityGlobals) = postSolution
		SolutionGuid = {D0E9A1C8-1FC4-48AF-AC53-4B3AA43F456F}
	EndGlobalSection
EndGlobal
